
Microsoft Visual Studio Solution File, Format Version 12.00
# Visual Studio Version 17
VisualStudioVersion = 17.8.34330.188
MinimumVisualStudioVersion = 10.0.40219.1
Project("{FAE04EC0-301F-11D3-BF4B-00C04F79EFBC}") = "StringBuilder", "StringBuilder.csproj", "{7F5AF859-87AF-40E5-B131-2A207FD90774}"
EndProject
Global
	GlobalSection(SolutionConfigurationPlatforms) = preSolution
		Debug|Any CPU = Debug|Any CPU
		Release|Any CPU = Release|Any CPU
	EndGlobalSection
	GlobalSection(ProjectConfigurationPlatforms) = postSolution
		{7F5AF859-87AF-40E5-B131-2A207FD90774}.Debug|Any CPU.ActiveCfg = Debug|Any CPU
		{7F5AF859-87AF-40E5-B131-2A207FD90774}.Debug|Any CPU.Build.0 = Debug|Any CPU
		{7F5AF859-87AF-40E5-B131-2A207FD90774}.Release|Any CPU.ActiveCfg = Release|Any CPU
		{7F5AF859-87AF-40E5-B131-2A207FD90774}.Release|Any CPU.Build.0 = Release|Any CPU
	EndGlobalSection
	GlobalSection(SolutionProperties) = preSolution
		HideSolutionNode = FALSE
	EndGlobalSection
	GlobalSection(ExtensibilityGlobals) = postSolution
		SolutionGuid = {D5763F1E-C765-4F53-9DFA-5F1920E6D97E}
	EndGlobalSection
EndGlobal
