
Microsoft Visual Studio Solution File, Format Version 12.00
# Visual Studio Version 17
VisualStudioVersion = 17.8.34330.188
MinimumVisualStudioVersion = 10.0.40219.1
Project("{FAE04EC0-301F-11D3-BF4B-00C04F79EFBC}") = "Static", "Static\Static.csproj", "{C06A96D5-8D1A-48F2-8215-E37084F20280}"
EndProject
Global
	GlobalSection(SolutionConfigurationPlatforms) = preSolution
		Debug|Any CPU = Debug|Any CPU
		Release|Any CPU = Release|Any CPU
	EndGlobalSection
	GlobalSection(ProjectConfigurationPlatforms) = postSolution
		{C06A96D5-8D1A-48F2-8215-E37084F20280}.Debug|Any CPU.ActiveCfg = Debug|Any CPU
		{C06A96D5-8D1A-48F2-8215-E37084F20280}.Debug|Any CPU.Build.0 = Debug|Any CPU
		{C06A96D5-8D1A-48F2-8215-E37084F20280}.Release|Any CPU.ActiveCfg = Release|Any CPU
		{C06A96D5-8D1A-48F2-8215-E37084F20280}.Release|Any CPU.Build.0 = Release|Any CPU
	EndGlobalSection
	GlobalSection(SolutionProperties) = preSolution
		HideSolutionNode = FALSE
	EndGlobalSection
	GlobalSection(ExtensibilityGlobals) = postSolution
		SolutionGuid = {1139E754-54D2-4CC8-862E-1891F9A7DB70}
	EndGlobalSection
EndGlobal
